
Microsoft Visual Studio Solution File, Format Version 12.00
# Visual Studio 15
VisualStudioVersion = 15.0.27428.2043
MinimumVisualStudioVersion = 10.0.40219.1
Project("{9A19103F-16F7-4668-BE54-9A1E7A4F7556}") = "sqlcode", "src\sqlcode\sqlcode.csproj", "{E15E9940-9995-499F-9C61-34ED167FDA53}"
EndProject
Project("{9A19103F-16F7-4668-BE54-9A1E7A4F7556}") = "UnitTests", "test\UnitTests\UnitTests.csproj", "{58829186-064A-4334-94F2-2BFA13C92250}"
EndProject
Project("{2150E333-8FDC-42A3-9474-1A3956D46DE8}") = "src", "src", "{6147C478-B3D7-4B12-A0D2-3F1311D0B39C}"
EndProject
Project("{9A19103F-16F7-4668-BE54-9A1E7A4F7556}") = "IntegrationTests", "test\IntegrationTests\IntegrationTests.csproj", "{4AD64050-7B04-402D-8A5A-FCA7C44B24B6}"
EndProject
Project("{2150E333-8FDC-42A3-9474-1A3956D46DE8}") = "testing", "testing", "{780A1DA9-78E9-4993-B591-45AC01DB3EA7}"
EndProject
Global
	GlobalSection(SolutionConfigurationPlatforms) = preSolution
		Debug|Any CPU = Debug|Any CPU
		Release|Any CPU = Release|Any CPU
	EndGlobalSection
	GlobalSection(ProjectConfigurationPlatforms) = postSolution
		{E15E9940-9995-499F-9C61-34ED167FDA53}.Debug|Any CPU.ActiveCfg = Debug|Any CPU
		{E15E9940-9995-499F-9C61-34ED167FDA53}.Debug|Any CPU.Build.0 = Debug|Any CPU
		{E15E9940-9995-499F-9C61-34ED167FDA53}.Release|Any CPU.ActiveCfg = Release|Any CPU
		{E15E9940-9995-499F-9C61-34ED167FDA53}.Release|Any CPU.Build.0 = Release|Any CPU
		{58829186-064A-4334-94F2-2BFA13C92250}.Debug|Any CPU.ActiveCfg = Debug|Any CPU
		{58829186-064A-4334-94F2-2BFA13C92250}.Debug|Any CPU.Build.0 = Debug|Any CPU
		{58829186-064A-4334-94F2-2BFA13C92250}.Release|Any CPU.ActiveCfg = Release|Any CPU
		{58829186-064A-4334-94F2-2BFA13C92250}.Release|Any CPU.Build.0 = Release|Any CPU
		{4AD64050-7B04-402D-8A5A-FCA7C44B24B6}.Debug|Any CPU.ActiveCfg = Debug|Any CPU
		{4AD64050-7B04-402D-8A5A-FCA7C44B24B6}.Debug|Any CPU.Build.0 = Debug|Any CPU
		{4AD64050-7B04-402D-8A5A-FCA7C44B24B6}.Release|Any CPU.ActiveCfg = Release|Any CPU
		{4AD64050-7B04-402D-8A5A-FCA7C44B24B6}.Release|Any CPU.Build.0 = Release|Any CPU
	EndGlobalSection
	GlobalSection(SolutionProperties) = preSolution
		HideSolutionNode = FALSE
	EndGlobalSection
	GlobalSection(NestedProjects) = preSolution
		{E15E9940-9995-499F-9C61-34ED167FDA53} = {6147C478-B3D7-4B12-A0D2-3F1311D0B39C}
		{58829186-064A-4334-94F2-2BFA13C92250} = {780A1DA9-78E9-4993-B591-45AC01DB3EA7}
		{4AD64050-7B04-402D-8A5A-FCA7C44B24B6} = {780A1DA9-78E9-4993-B591-45AC01DB3EA7}
	EndGlobalSection
	GlobalSection(ExtensibilityGlobals) = postSolution
		SolutionGuid = {E213EB42-A251-4EE4-9EF3-E60E96415B3C}
	EndGlobalSection
EndGlobal
